name: Lock old issues and pull requests that are closed

on:
  schedule:
    - cron: '0 10 * * *'
  workflow_dispatch:

permissions:
  issues: write
  pull-requests: write

concurrency:
  group: lock

jobs:
  action:
    if: github.repository == 'capawesome-team/capacitor-nfc'
    runs-on: ubuntu-latest
    steps:
      - uses: dessant/lock-threads@v3
        with:
          issue-inactive-days: '56'
